// !$*UTF8*$!
{
	archiveVersion = 1;
	classes = {
	};
	objectVersion = 46;
	objects = {

/* Begin PBXBuildFile section */
		3B59F2B01BD7F41200981470 /* OutputSerializer.mm in Sources */ = {isa = PBXBuildFile; fileRef = 3B59F2AE1BD7F41200981470 /* OutputSerializer.mm */; settings = {ASSET_TAGS = (); }; };
		3B59F2B31BD7F4B400981470 /* IBaseSerializer.cpp in Sources */ = {isa = PBXBuildFile; fileRef = 3B59F2B11BD7F4B400981470 /* IBaseSerializer.cpp */; settings = {ASSET_TAGS = (); }; };
		3BFB92B71BC1531400FE1EB1 /* main.m in Sources */ = {isa = PBXBuildFile; fileRef = 3BFB92B61BC1531400FE1EB1 /* main.m */; };
		3BFB92BA1BC1531400FE1EB1 /* AppDelegate.m in Sources */ = {isa = PBXBuildFile; fileRef = 3BFB92B91BC1531400FE1EB1 /* AppDelegate.m */; };
		3BFB92BD1BC1531400FE1EB1 /* ViewController.mm in Sources */ = {isa = PBXBuildFile; fileRef = 3BFB92BC1BC1531400FE1EB1 /* ViewController.mm */; };
		3BFB92C01BC1531400FE1EB1 /* Main.storyboard in Resources */ = {isa = PBXBuildFile; fileRef = 3BFB92BE1BC1531400FE1EB1 /* Main.storyboard */; };
		3BFB92C21BC1531400FE1EB1 /* Assets.xcassets in Resources */ = {isa = PBXBuildFile; fileRef = 3BFB92C11BC1531400FE1EB1 /* Assets.xcassets */; };
		3BFB92C51BC1531400FE1EB1 /* LaunchScreen.storyboard in Resources */ = {isa = PBXBuildFile; fileRef = 3BFB92C31BC1531400FE1EB1 /* LaunchScreen.storyboard */; };
		3BFB92CE1BC1546900FE1EB1 /* SocketClient.m in Sources */ = {isa = PBXBuildFile; fileRef = 3BFB92CD1BC1546900FE1EB1 /* SocketClient.m */; settings = {ASSET_TAGS = (); }; };
/* End PBXBuildFile section */

/* Begin PBXFileReference section */
		3B59F2AE1BD7F41200981470 /* OutputSerializer.mm */ = {isa = PBXFileReference; fileEncoding = 4; lastKnownFileType = sourcecode.cpp.objcpp; path = OutputSerializer.mm; sourceTree = "<group>"; };
		3B59F2AF1BD7F41200981470 /* OutputSerializer.h */ = {isa = PBXFileReference; fileEncoding = 4; lastKnownFileType = sourcecode.c.h; path = OutputSerializer.h; sourceTree = "<group>"; };
		3B59F2B11BD7F4B400981470 /* IBaseSerializer.cpp */ = {isa = PBXFileReference; fileEncoding = 4; lastKnownFileType = sourcecode.cpp.cpp; path = IBaseSerializer.cpp; sourceTree = "<group>"; };
		3B59F2B21BD7F4B400981470 /* IBaseSerializer.h */ = {isa = PBXFileReference; fileEncoding = 4; lastKnownFileType = sourcecode.c.h; path = IBaseSerializer.h; sourceTree = "<group>"; };
		3BFB92B21BC1531400FE1EB1 /* SocketClient.app */ = {isa = PBXFileReference; explicitFileType = wrapper.application; includeInIndex = 0; path = SocketClient.app; sourceTree = BUILT_PRODUCTS_DIR; };
		3BFB92B61BC1531400FE1EB1 /* main.m */ = {isa = PBXFileReference; lastKnownFileType = sourcecode.c.objc; path = main.m; sourceTree = "<group>"; };
		3BFB92B81BC1531400FE1EB1 /* AppDelegate.h */ = {isa = PBXFileReference; lastKnownFileType = sourcecode.c.h; path = AppDelegate.h; sourceTree = "<group>"; };
		3BFB92B91BC1531400FE1EB1 /* AppDelegate.m */ = {isa = PBXFileReference; lastKnownFileType = sourcecode.c.objc; path = AppDelegate.m; sourceTree = "<group>"; };
		3BFB92BB1BC1531400FE1EB1 /* ViewController.h */ = {isa = PBXFileReference; lastKnownFileType = sourcecode.c.h; path = ViewController.h; sourceTree = "<group>"; };
		3BFB92BC1BC1531400FE1EB1 /* ViewController.mm */ = {isa = PBXFileReference; lastKnownFileType = sourcecode.cpp.objcpp; path = ViewController.mm; sourceTree = "<group>"; };
		3BFB92BF1BC1531400FE1EB1 /* Base */ = {isa = PBXFileReference; lastKnownFileType = file.storyboard; name = Base; path = Base.lproj/Main.storyboard; sourceTree = "<group>"; };
		3BFB92C11BC1531400FE1EB1 /* Assets.xcassets */ = {isa = PBXFileReference; lastKnownFileType = folder.assetcatalog; path = Assets.xcassets; sourceTree = "<group>"; };
		3BFB92C41BC1531400FE1EB1 /* Base */ = {isa = PBXFileReference; lastKnownFileType = file.storyboard; name = Base; path = Base.lproj/LaunchScreen.storyboard; sourceTree = "<group>"; };
		3BFB92C61BC1531400FE1EB1 /* Info.plist */ = {isa = PBXFileReference; lastKnownFileType = text.plist.xml; path = Info.plist; sourceTree = "<group>"; };
		3BFB92CC1BC1546900FE1EB1 /* SocketClient.h */ = {isa = PBXFileReference; fileEncoding = 4; lastKnownFileType = sourcecode.c.h; path = SocketClient.h; sourceTree = "<group>"; };
		3BFB92CD1BC1546900FE1EB1 /* SocketClient.m */ = {isa = PBXFileReference; fileEncoding = 4; lastKnownFileType = sourcecode.c.objc; path = SocketClient.m; sourceTree = "<group>"; };
/* End PBXFileReference section */

/* Begin PBXFrameworksBuildPhase section */
		3BFB92AF1BC1531400FE1EB1 /* Frameworks */ = {
			isa = PBXFrameworksBuildPhase;
			buildActionMask = 2147483647;
			files = (
			);
			runOnlyForDeploymentPostprocessing = 0;
		};
/* End PBXFrameworksBuildPhase section */

/* Begin PBXGroup section */
		3BFB92A91BC1531400FE1EB1 = {
			isa = PBXGroup;
			children = (
				3BFB92B41BC1531400FE1EB1 /* SocketClient */,
				3BFB92B31BC1531400FE1EB1 /* Products */,
			);
			sourceTree = "<group>";
		};
		3BFB92B31BC1531400FE1EB1 /* Products */ = {
			isa = PBXGroup;
			children = (
				3BFB92B21BC1531400FE1EB1 /* SocketClient.app */,
			);
			name = Products;
			sourceTree = "<group>";
		};
		3BFB92B41BC1531400FE1EB1 /* SocketClient */ = {
			isa = PBXGroup;
			children = (
				3BFB92B81BC1531400FE1EB1 /* AppDelegate.h */,
				3BFB92B91BC1531400FE1EB1 /* AppDelegate.m */,
				3BFB92BB1BC1531400FE1EB1 /* ViewController.h */,
				3BFB92BC1BC1531400FE1EB1 /* ViewController.mm */,
				3BFB92BE1BC1531400FE1EB1 /* Main.storyboard */,
				3BFB92C11BC1531400FE1EB1 /* Assets.xcassets */,
				3BFB92C31BC1531400FE1EB1 /* LaunchScreen.storyboard */,
				3BFB92C61BC1531400FE1EB1 /* Info.plist */,
				3BFB92B51BC1531400FE1EB1 /* Supporting Files */,
				3BFB92CC1BC1546900FE1EB1 /* SocketClient.h */,
				3BFB92CD1BC1546900FE1EB1 /* SocketClient.m */,
				3B59F2AE1BD7F41200981470 /* OutputSerializer.mm */,
				3B59F2AF1BD7F41200981470 /* OutputSerializer.h */,
				3B59F2B11BD7F4B400981470 /* IBaseSerializer.cpp */,
				3B59F2B21BD7F4B400981470 /* IBaseSerializer.h */,
			);
			path = SocketClient;
			sourceTree = "<group>";
		};
		3BFB92B51BC1531400FE1EB1 /* Supporting Files */ = {
			isa = PBXGroup;
			children = (
				3BFB92B61BC1531400FE1EB1 /* main.m */,
			);
			name = "Supporting Files";
			sourceTree = "<group>";
		};
/* End PBXGroup section */

/* Begin PBXNativeTarget section */
		3BFB92B11BC1531400FE1EB1 /* SocketClient */ = {
			isa = PBXNativeTarget;
			buildConfigurationList = 3BFB92C91BC1531400FE1EB1 /* Build configuration list for PBXNativeTarget "SocketClient" */;
			buildPhases = (
				3BFB92AE1BC1531400FE1EB1 /* Sources */,
				3BFB92AF1BC1531400FE1EB1 /* Frameworks */,
				3BFB92B01BC1531400FE1EB1 /* Resources */,
			);
			buildRules = (
			);
			dependencies = (
			);
			name = SocketClient;
			productName = SocketClient;
			productReference = 3BFB92B21BC1531400FE1EB1 /* SocketClient.app */;
			productType = "com.apple.product-type.application";
		};
/* End PBXNativeTarget section */

/* Begin PBXProject section */
		3BFB92AA1BC1531400FE1EB1 /* Project object */ = {
			isa = PBXProject;
			attributes = {
				LastUpgradeCheck = 0700;
				ORGANIZATIONNAME = "Jan Seredynski";
				TargetAttributes = {
					3BFB92B11BC1531400FE1EB1 = {
						CreatedOnToolsVersion = 7.0;
					};
				};
			};
			buildConfigurationList = 3BFB92AD1BC1531400FE1EB1 /* Build configuration list for PBXProject "SocketClient" */;
			compatibilityVersion = "Xcode 3.2";
			developmentRegion = English;
			hasScannedForEncodings = 0;
			knownRegions = (
				en,
				Base,
			);
			mainGroup = 3BFB92A91BC1531400FE1EB1;
			productRefGroup = 3BFB92B31BC1531400FE1EB1 /* Products */;
			projectDirPath = "";
			projectRoot = "";
			targets = (
				3BFB92B11BC1531400FE1EB1 /* SocketClient */,
			);
		};
/* End PBXProject section */

/* Begin PBXResourcesBuildPhase section */
		3BFB92B01BC1531400FE1EB1 /* Resources */ = {
			isa = PBXResourcesBuildPhase;
			buildActionMask = 2147483647;
			files = (
				3BFB92C51BC1531400FE1EB1 /* LaunchScreen.storyboard in Resources */,
				3BFB92C21BC1531400FE1EB1 /* Assets.xcassets in Resources */,
				3BFB92C01BC1531400FE1EB1 /* Main.storyboard in Resources */,
			);
			runOnlyForDeploymentPostprocessing = 0;
		};
/* End PBXResourcesBuildPhase section */

/* Begin PBXSourcesBuildPhase section */
		3BFB92AE1BC1531400FE1EB1 /* Sources */ = {
			isa = PBXSourcesBuildPhase;
			buildActionMask = 2147483647;
			files = (
				3B59F2B01BD7F41200981470 /* OutputSerializer.mm in Sources */,
				3BFB92BD1BC1531400FE1EB1 /* ViewController.mm in Sources */,
				3BFB92CE1BC1546900FE1EB1 /* SocketClient.m in Sources */,
				3BFB92BA1BC1531400FE1EB1 /* AppDelegate.m in Sources */,
				3B59F2B31BD7F4B400981470 /* IBaseSerializer.cpp in Sources */,
				3BFB92B71BC1531400FE1EB1 /* main.m in Sources */,
			);
			runOnlyForDeploymentPostprocessing = 0;
		};
/* End PBXSourcesBuildPhase section */

/* Begin PBXVariantGroup section */
		3BFB92BE1BC1531400FE1EB1 /* Main.storyboard */ = {
			isa = PBXVariantGroup;
			children = (
				3BFB92BF1BC1531400FE1EB1 /* Base */,
			);
			name = Main.storyboard;
			sourceTree = "<group>";
		};
		3BFB92C31BC1531400FE1EB1 /* LaunchScreen.storyboard */ = {
			isa = PBXVariantGroup;
			children = (
				3BFB92C41BC1531400FE1EB1 /* Base */,
			);
			name = LaunchScreen.storyboard;
			sourceTree = "<group>";
		};
/* End PBXVariantGroup section */

/* Begin XCBuildConfiguration section */
		3BFB92C71BC1531400FE1EB1 /* Debug */ = {
			isa = XCBuildConfiguration;
			buildSettings = {
				ALWAYS_SEARCH_USER_PATHS = NO;
				CLANG_CXX_LANGUAGE_STANDARD = "gnu++0x";
				CLANG_CXX_LIBRARY = "libc++";
				CLANG_ENABLE_MODULES = YES;
				CLANG_ENABLE_OBJC_ARC = YES;
				CLANG_WARN_BOOL_CONVERSION = YES;
				CLANG_WARN_CONSTANT_CONVERSION = YES;
				CLANG_WARN_DIRECT_OBJC_ISA_USAGE = YES_ERROR;
				CLANG_WARN_EMPTY_BODY = YES;
				CLANG_WARN_ENUM_CONVERSION = YES;
				CLANG_WARN_INT_CONVERSION = YES;
				CLANG_WARN_OBJC_ROOT_CLASS = YES_ERROR;
				CLANG_WARN_UNREACHABLE_CODE = YES;
				CLANG_WARN__DUPLICATE_METHOD_MATCH = YES;
				"CODE_SIGN_IDENTITY[sdk=iphoneos*]" = "iPhone Developer";
				COPY_PHASE_STRIP = NO;
				DEBUG_INFORMATION_FORMAT = dwarf;
				ENABLE_STRICT_OBJC_MSGSEND = YES;
				ENABLE_TESTABILITY = YES;
				GCC_C_LANGUAGE_STANDARD = gnu99;
				GCC_DYNAMIC_NO_PIC = NO;
				GCC_NO_COMMON_BLOCKS = YES;
				GCC_OPTIMIZATION_LEVEL = 0;
				GCC_PREPROCESSOR_DEFINITIONS = (
					"DEBUG=1",
					"$(inherited)",
				);
				GCC_WARN_64_TO_32_BIT_CONVERSION = YES;
				GCC_WARN_ABOUT_RETURN_TYPE = YES_ERROR;
				GCC_WARN_UNDECLARED_SELECTOR = YES;
				GCC_WARN_UNINITIALIZED_AUTOS = YES_AGGRESSIVE;
				GCC_WARN_UNUSED_FUNCTION = YES;
				GCC_WARN_UNUSED_VARIABLE = YES;
				IPHONEOS_DEPLOYMENT_TARGET = 9.0;
				MTL_ENABLE_DEBUG_INFO = YES;
				ONLY_ACTIVE_ARCH = YES;
				SDKROOT = iphoneos;
			};
			name = Debug;
		};
		3BFB92C81BC1531400FE1EB1 /* Release */ = {
			isa = XCBuildConfiguration;
			buildSettings = {
				ALWAYS_SEARCH_USER_PATHS = NO;
				CLANG_CXX_LANGUAGE_STANDARD = "gnu++0x";
				CLANG_CXX_LIBRARY = "libc++";
				CLANG_ENABLE_MODULES = YES;
				CLANG_ENABLE_OBJC_ARC = YES;
				CLANG_WARN_BOOL_CONVERSION = YES;
				CLANG_WARN_CONSTANT_CONVERSION = YES;
				CLANG_WARN_DIRECT_OBJC_ISA_USAGE = YES_ERROR;
				CLANG_WARN_EMPTY_BODY = YES;
				CLANG_WARN_ENUM_CONVERSION = YES;
				CLANG_WARN_INT_CONVERSION = YES;
				CLANG_WARN_OBJC_ROOT_CLASS = YES_ERROR;
				CLANG_WARN_UNREACHABLE_CODE = YES;
				CLANG_WARN__DUPLICATE_METHOD_MATCH = YES;
				"CODE_SIGN_IDENTITY[sdk=iphoneos*]" = "iPhone Developer";
				COPY_PHASE_STRIP = NO;
				DEBUG_INFORMATION_FORMAT = "dwarf-with-dsym";
				ENABLE_NS_ASSERTIONS = NO;
				ENABLE_STRICT_OBJC_MSGSEND = YES;
				GCC_C_LANGUAGE_STANDARD = gnu99;
				GCC_NO_COMMON_BLOCKS = YES;
				GCC_WARN_64_TO_32_BIT_CONVERSION = YES;
				GCC_WARN_ABOUT_RETURN_TYPE = YES_ERROR;
				GCC_WARN_UNDECLARED_SELECTOR = YES;
				GCC_WARN_UNINITIALIZED_AUTOS = YES_AGGRESSIVE;
				GCC_WARN_UNUSED_FUNCTION = YES;
				GCC_WARN_UNUSED_VARIABLE = YES;
				IPHONEOS_DEPLOYMENT_TARGET = 9.0;
				MTL_ENABLE_DEBUG_INFO = NO;
				SDKROOT = iphoneos;
				VALIDATE_PRODUCT = YES;
			};
			name = Release;
		};
		3BFB92CA1BC1531400FE1EB1 /* Debug */ = {
			isa = XCBuildConfiguration;
			buildSettings = {
				ASSETCATALOG_COMPILER_APPICON_NAME = AppIcon;
				INFOPLIST_FILE = SocketClient/Info.plist;
				LD_RUNPATH_SEARCH_PATHS = "$(inherited) @executable_path/Frameworks";
				PRODUCT_BUNDLE_IDENTIFIER = janseredynski.SocketClient;
				PRODUCT_NAME = "$(TARGET_NAME)";
			};
			name = Debug;
		};
		3BFB92CB1BC1531400FE1EB1 /* Release */ = {
			isa = XCBuildConfiguration;
			buildSettings = {
				ASSETCATALOG_COMPILER_APPICON_NAME = AppIcon;
				INFOPLIST_FILE = SocketClient/Info.plist;
				LD_RUNPATH_SEARCH_PATHS = "$(inherited) @executable_path/Frameworks";
				PRODUCT_BUNDLE_IDENTIFIER = janseredynski.SocketClient;
				PRODUCT_NAME = "$(TARGET_NAME)";
			};
			name = Release;
		};
/* End XCBuildConfiguration section */

/* Begin XCConfigurationList section */
		3BFB92AD1BC1531400FE1EB1 /* Build configuration list for PBXProject "SocketClient" */ = {
			isa = XCConfigurationList;
			buildConfigurations = (
				3BFB92C71BC1531400FE1EB1 /* Debug */,
				3BFB92C81BC1531400FE1EB1 /* Release */,
			);
			defaultConfigurationIsVisible = 0;
			defaultConfigurationName = Release;
		};
		3BFB92C91BC1531400FE1EB1 /* Build configuration list for PBXNativeTarget "SocketClient" */ = {
			isa = XCConfigurationList;
			buildConfigurations = (
				3BFB92CA1BC1531400FE1EB1 /* Debug */,
				3BFB92CB1BC1531400FE1EB1 /* Release */,
			);
			defaultConfigurationIsVisible = 0;
			defaultConfigurationName = Release;
		};
/* End XCConfigurationList section */
	};
	rootObject = 3BFB92AA1BC1531400FE1EB1 /* Project object */;
}
