// !$*UTF8*$!
{
	archiveVersion = 1;
	classes = {
	};
	objectVersion = 46;
	objects = {

/* Begin PBXBuildFile section */
		150927E11BF211C000583A11 /* OutputSerializer.mm in Sources */ = {isa = PBXBuildFile; fileRef = 150927DC1BF211C000583A11 /* OutputSerializer.mm */; };
		150927E21BF211C000583A11 /* SocketClient.mm in Sources */ = {isa = PBXBuildFile; fileRef = 150927DE1BF211C000583A11 /* SocketClient.mm */; };
		150927E31BF211C000583A11 /* WarriorsSerializer.mm in Sources */ = {isa = PBXBuildFile; fileRef = 150927E01BF211C000583A11 /* WarriorsSerializer.mm */; };
		150927E71BF23F2F00583A11 /* ConnectionViewController.mm in Sources */ = {isa = PBXBuildFile; fileRef = 150927E61BF23F2F00583A11 /* ConnectionViewController.mm */; };
		15F51E4A1BF15B1400946A14 /* ContainerView.mm in Sources */ = {isa = PBXBuildFile; fileRef = 15F51E491BF15B1400946A14 /* ContainerView.mm */; };
		15FB1DFF1BF10E5B0030DD94 /* main.m in Sources */ = {isa = PBXBuildFile; fileRef = 15FB1DFE1BF10E5B0030DD94 /* main.m */; };
		15FB1E021BF10E5B0030DD94 /* AppDelegate.m in Sources */ = {isa = PBXBuildFile; fileRef = 15FB1E011BF10E5B0030DD94 /* AppDelegate.m */; };
		15FB1E051BF10E5B0030DD94 /* ViewController.mm in Sources */ = {isa = PBXBuildFile; fileRef = 15FB1E041BF10E5B0030DD94 /* ViewController.mm */; };
		15FB1E081BF10E5B0030DD94 /* Main.storyboard in Resources */ = {isa = PBXBuildFile; fileRef = 15FB1E061BF10E5B0030DD94 /* Main.storyboard */; };
		15FB1E0A1BF10E5B0030DD94 /* Assets.xcassets in Resources */ = {isa = PBXBuildFile; fileRef = 15FB1E091BF10E5B0030DD94 /* Assets.xcassets */; };
		15FB1E0D1BF10E5B0030DD94 /* LaunchScreen.storyboard in Resources */ = {isa = PBXBuildFile; fileRef = 15FB1E0B1BF10E5B0030DD94 /* LaunchScreen.storyboard */; };
/* End PBXBuildFile section */

/* Begin PBXFileReference section */
		150927DA1BF211C000583A11 /* BaseSerializable.h */ = {isa = PBXFileReference; fileEncoding = 4; lastKnownFileType = sourcecode.c.h; name = BaseSerializable.h; path = ../../../core/SocketClient/SocketClient/BaseSerializable.h; sourceTree = "<group>"; };
		150927DB1BF211C000583A11 /* OutputSerializer.h */ = {isa = PBXFileReference; fileEncoding = 4; lastKnownFileType = sourcecode.c.h; name = OutputSerializer.h; path = ../../../core/SocketClient/SocketClient/OutputSerializer.h; sourceTree = "<group>"; };
		150927DC1BF211C000583A11 /* OutputSerializer.mm */ = {isa = PBXFileReference; fileEncoding = 4; lastKnownFileType = sourcecode.cpp.objcpp; name = OutputSerializer.mm; path = ../../../core/SocketClient/SocketClient/OutputSerializer.mm; sourceTree = "<group>"; };
		150927DD1BF211C000583A11 /* SocketClient.h */ = {isa = PBXFileReference; fileEncoding = 4; lastKnownFileType = sourcecode.c.h; name = SocketClient.h; path = ../../../core/SocketClient/SocketClient/SocketClient.h; sourceTree = "<group>"; };
		150927DE1BF211C000583A11 /* SocketClient.mm */ = {isa = PBXFileReference; fileEncoding = 4; lastKnownFileType = sourcecode.cpp.objcpp; name = SocketClient.mm; path = ../../../core/SocketClient/SocketClient/SocketClient.mm; sourceTree = "<group>"; };
		150927DF1BF211C000583A11 /* WarriorsSerializer.h */ = {isa = PBXFileReference; fileEncoding = 4; lastKnownFileType = sourcecode.c.h; name = WarriorsSerializer.h; path = ../../../core/SocketClient/SocketClient/WarriorsSerializer.h; sourceTree = "<group>"; };
		150927E01BF211C000583A11 /* WarriorsSerializer.mm */ = {isa = PBXFileReference; fileEncoding = 4; lastKnownFileType = sourcecode.cpp.objcpp; name = WarriorsSerializer.mm; path = ../../../core/SocketClient/SocketClient/WarriorsSerializer.mm; sourceTree = "<group>"; };
		150927E51BF23F2F00583A11 /* ConnectionViewController.h */ = {isa = PBXFileReference; fileEncoding = 4; lastKnownFileType = sourcecode.c.h; path = ConnectionViewController.h; sourceTree = "<group>"; };
		150927E61BF23F2F00583A11 /* ConnectionViewController.mm */ = {isa = PBXFileReference; fileEncoding = 4; lastKnownFileType = sourcecode.cpp.objcpp; path = ConnectionViewController.mm; sourceTree = "<group>"; };
		15F51E481BF15B1400946A14 /* ContainerView.h */ = {isa = PBXFileReference; fileEncoding = 4; lastKnownFileType = sourcecode.c.h; path = ContainerView.h; sourceTree = "<group>"; };
		15F51E491BF15B1400946A14 /* ContainerView.mm */ = {isa = PBXFileReference; fileEncoding = 4; lastKnownFileType = sourcecode.cpp.objcpp; path = ContainerView.mm; sourceTree = "<group>"; };
		15FB1DFA1BF10E5B0030DD94 /* Community Gaming Controller.app */ = {isa = PBXFileReference; explicitFileType = wrapper.application; includeInIndex = 0; path = "Community Gaming Controller.app"; sourceTree = BUILT_PRODUCTS_DIR; };
		15FB1DFE1BF10E5B0030DD94 /* main.m */ = {isa = PBXFileReference; lastKnownFileType = sourcecode.c.objc; path = main.m; sourceTree = "<group>"; };
		15FB1E001BF10E5B0030DD94 /* AppDelegate.h */ = {isa = PBXFileReference; lastKnownFileType = sourcecode.c.h; path = AppDelegate.h; sourceTree = "<group>"; };
		15FB1E011BF10E5B0030DD94 /* AppDelegate.m */ = {isa = PBXFileReference; lastKnownFileType = sourcecode.c.objc; path = AppDelegate.m; sourceTree = "<group>"; };
		15FB1E031BF10E5B0030DD94 /* ViewController.h */ = {isa = PBXFileReference; lastKnownFileType = sourcecode.c.h; path = ViewController.h; sourceTree = "<group>"; };
		15FB1E041BF10E5B0030DD94 /* ViewController.mm */ = {isa = PBXFileReference; lastKnownFileType = sourcecode.cpp.objcpp; path = ViewController.mm; sourceTree = "<group>"; };
		15FB1E071BF10E5B0030DD94 /* Base */ = {isa = PBXFileReference; lastKnownFileType = file.storyboard; name = Base; path = Base.lproj/Main.storyboard; sourceTree = "<group>"; };
		15FB1E091BF10E5B0030DD94 /* Assets.xcassets */ = {isa = PBXFileReference; lastKnownFileType = folder.assetcatalog; path = Assets.xcassets; sourceTree = "<group>"; };
		15FB1E0C1BF10E5B0030DD94 /* Base */ = {isa = PBXFileReference; lastKnownFileType = file.storyboard; name = Base; path = Base.lproj/LaunchScreen.storyboard; sourceTree = "<group>"; };
		15FB1E0E1BF10E5B0030DD94 /* Info.plist */ = {isa = PBXFileReference; lastKnownFileType = text.plist.xml; path = Info.plist; sourceTree = "<group>"; };
/* End PBXFileReference section */

/* Begin PBXFrameworksBuildPhase section */
		15FB1DF71BF10E5B0030DD94 /* Frameworks */ = {
			isa = PBXFrameworksBuildPhase;
			buildActionMask = 2147483647;
			files = (
			);
			runOnlyForDeploymentPostprocessing = 0;
		};
/* End PBXFrameworksBuildPhase section */

/* Begin PBXGroup section */
		150927E41BF211CE00583A11 /* Core */ = {
			isa = PBXGroup;
			children = (
				150927DA1BF211C000583A11 /* BaseSerializable.h */,
				150927DB1BF211C000583A11 /* OutputSerializer.h */,
				150927DC1BF211C000583A11 /* OutputSerializer.mm */,
				150927DD1BF211C000583A11 /* SocketClient.h */,
				150927DE1BF211C000583A11 /* SocketClient.mm */,
				150927DF1BF211C000583A11 /* WarriorsSerializer.h */,
				150927E01BF211C000583A11 /* WarriorsSerializer.mm */,
			);
			name = Core;
			sourceTree = "<group>";
		};
		15FB1DF11BF10E5B0030DD94 = {
			isa = PBXGroup;
			children = (
				15FB1DFC1BF10E5B0030DD94 /* Community Gaming Controller */,
				15FB1DFB1BF10E5B0030DD94 /* Products */,
			);
			sourceTree = "<group>";
		};
		15FB1DFB1BF10E5B0030DD94 /* Products */ = {
			isa = PBXGroup;
			children = (
				15FB1DFA1BF10E5B0030DD94 /* Community Gaming Controller.app */,
			);
			name = Products;
			sourceTree = "<group>";
		};
		15FB1DFC1BF10E5B0030DD94 /* Community Gaming Controller */ = {
			isa = PBXGroup;
			children = (
				15FB1E001BF10E5B0030DD94 /* AppDelegate.h */,
				15FB1E011BF10E5B0030DD94 /* AppDelegate.m */,
				150927E51BF23F2F00583A11 /* ConnectionViewController.h */,
				150927E61BF23F2F00583A11 /* ConnectionViewController.mm */,
				15FB1E031BF10E5B0030DD94 /* ViewController.h */,
				15FB1E041BF10E5B0030DD94 /* ViewController.mm */,
				15F51E481BF15B1400946A14 /* ContainerView.h */,
				15F51E491BF15B1400946A14 /* ContainerView.mm */,
				15FB1E061BF10E5B0030DD94 /* Main.storyboard */,
				15FB1E091BF10E5B0030DD94 /* Assets.xcassets */,
				15FB1E0B1BF10E5B0030DD94 /* LaunchScreen.storyboard */,
				15FB1E0E1BF10E5B0030DD94 /* Info.plist */,
				150927E41BF211CE00583A11 /* Core */,
				15FB1DFD1BF10E5B0030DD94 /* Supporting Files */,
			);
			path = "Community Gaming Controller";
			sourceTree = "<group>";
		};
		15FB1DFD1BF10E5B0030DD94 /* Supporting Files */ = {
			isa = PBXGroup;
			children = (
				15FB1DFE1BF10E5B0030DD94 /* main.m */,
			);
			name = "Supporting Files";
			sourceTree = "<group>";
		};
/* End PBXGroup section */

/* Begin PBXNativeTarget section */
		15FB1DF91BF10E5B0030DD94 /* Community Gaming Controller */ = {
			isa = PBXNativeTarget;
			buildConfigurationList = 15FB1E111BF10E5B0030DD94 /* Build configuration list for PBXNativeTarget "Community Gaming Controller" */;
			buildPhases = (
				15FB1DF61BF10E5B0030DD94 /* Sources */,
				15FB1DF71BF10E5B0030DD94 /* Frameworks */,
				15FB1DF81BF10E5B0030DD94 /* Resources */,
			);
			buildRules = (
			);
			dependencies = (
			);
			name = "Community Gaming Controller";
			productName = "Community Gaming Controller";
			productReference = 15FB1DFA1BF10E5B0030DD94 /* Community Gaming Controller.app */;
			productType = "com.apple.product-type.application";
		};
/* End PBXNativeTarget section */

/* Begin PBXProject section */
		15FB1DF21BF10E5B0030DD94 /* Project object */ = {
			isa = PBXProject;
			attributes = {
				LastUpgradeCheck = 0700;
				ORGANIZATIONNAME = iLabs;
				TargetAttributes = {
					15FB1DF91BF10E5B0030DD94 = {
						CreatedOnToolsVersion = 7.0;
						DevelopmentTeam = HU9FKSEQXD;
					};
				};
			};
			buildConfigurationList = 15FB1DF51BF10E5B0030DD94 /* Build configuration list for PBXProject "Community Gaming Controller" */;
			compatibilityVersion = "Xcode 3.2";
			developmentRegion = English;
			hasScannedForEncodings = 0;
			knownRegions = (
				en,
				Base,
			);
			mainGroup = 15FB1DF11BF10E5B0030DD94;
			productRefGroup = 15FB1DFB1BF10E5B0030DD94 /* Products */;
			projectDirPath = "";
			projectRoot = "";
			targets = (
				15FB1DF91BF10E5B0030DD94 /* Community Gaming Controller */,
			);
		};
/* End PBXProject section */

/* Begin PBXResourcesBuildPhase section */
		15FB1DF81BF10E5B0030DD94 /* Resources */ = {
			isa = PBXResourcesBuildPhase;
			buildActionMask = 2147483647;
			files = (
				15FB1E0D1BF10E5B0030DD94 /* LaunchScreen.storyboard in Resources */,
				15FB1E0A1BF10E5B0030DD94 /* Assets.xcassets in Resources */,
				15FB1E081BF10E5B0030DD94 /* Main.storyboard in Resources */,
			);
			runOnlyForDeploymentPostprocessing = 0;
		};
/* End PBXResourcesBuildPhase section */

/* Begin PBXSourcesBuildPhase section */
		15FB1DF61BF10E5B0030DD94 /* Sources */ = {
			isa = PBXSourcesBuildPhase;
			buildActionMask = 2147483647;
			files = (
				150927E31BF211C000583A11 /* WarriorsSerializer.mm in Sources */,
				15F51E4A1BF15B1400946A14 /* ContainerView.mm in Sources */,
				150927E21BF211C000583A11 /* SocketClient.mm in Sources */,
				15FB1E051BF10E5B0030DD94 /* ViewController.mm in Sources */,
				150927E71BF23F2F00583A11 /* ConnectionViewController.mm in Sources */,
				15FB1E021BF10E5B0030DD94 /* AppDelegate.m in Sources */,
				150927E11BF211C000583A11 /* OutputSerializer.mm in Sources */,
				15FB1DFF1BF10E5B0030DD94 /* main.m in Sources */,
			);
			runOnlyForDeploymentPostprocessing = 0;
		};
/* End PBXSourcesBuildPhase section */

/* Begin PBXVariantGroup section */
		15FB1E061BF10E5B0030DD94 /* Main.storyboard */ = {
			isa = PBXVariantGroup;
			children = (
				15FB1E071BF10E5B0030DD94 /* Base */,
			);
			name = Main.storyboard;
			sourceTree = "<group>";
		};
		15FB1E0B1BF10E5B0030DD94 /* LaunchScreen.storyboard */ = {
			isa = PBXVariantGroup;
			children = (
				15FB1E0C1BF10E5B0030DD94 /* Base */,
			);
			name = LaunchScreen.storyboard;
			sourceTree = "<group>";
		};
/* End PBXVariantGroup section */

/* Begin XCBuildConfiguration section */
		15FB1E0F1BF10E5B0030DD94 /* Debug */ = {
			isa = XCBuildConfiguration;
			buildSettings = {
				ALWAYS_SEARCH_USER_PATHS = NO;
				CLANG_CXX_LANGUAGE_STANDARD = "gnu++0x";
				CLANG_CXX_LIBRARY = "libc++";
				CLANG_ENABLE_MODULES = YES;
				CLANG_ENABLE_OBJC_ARC = YES;
				CLANG_WARN_BOOL_CONVERSION = YES;
				CLANG_WARN_CONSTANT_CONVERSION = YES;
				CLANG_WARN_DIRECT_OBJC_ISA_USAGE = YES_ERROR;
				CLANG_WARN_EMPTY_BODY = YES;
				CLANG_WARN_ENUM_CONVERSION = YES;
				CLANG_WARN_INT_CONVERSION = YES;
				CLANG_WARN_OBJC_ROOT_CLASS = YES_ERROR;
				CLANG_WARN_UNREACHABLE_CODE = YES;
				CLANG_WARN__DUPLICATE_METHOD_MATCH = YES;
				"CODE_SIGN_IDENTITY[sdk=iphoneos*]" = "iPhone Developer";
				COPY_PHASE_STRIP = NO;
				DEBUG_INFORMATION_FORMAT = dwarf;
				ENABLE_STRICT_OBJC_MSGSEND = YES;
				ENABLE_TESTABILITY = YES;
				GCC_C_LANGUAGE_STANDARD = gnu99;
				GCC_DYNAMIC_NO_PIC = NO;
				GCC_NO_COMMON_BLOCKS = YES;
				GCC_OPTIMIZATION_LEVEL = 0;
				GCC_PREPROCESSOR_DEFINITIONS = (
					"DEBUG=1",
					"$(inherited)",
				);
				GCC_WARN_64_TO_32_BIT_CONVERSION = YES;
				GCC_WARN_ABOUT_RETURN_TYPE = YES_ERROR;
				GCC_WARN_UNDECLARED_SELECTOR = YES;
				GCC_WARN_UNINITIALIZED_AUTOS = YES_AGGRESSIVE;
				GCC_WARN_UNUSED_FUNCTION = YES;
				GCC_WARN_UNUSED_VARIABLE = YES;
				IPHONEOS_DEPLOYMENT_TARGET = 9.0;
				MTL_ENABLE_DEBUG_INFO = YES;
				ONLY_ACTIVE_ARCH = YES;
				SDKROOT = iphoneos;
			};
			name = Debug;
		};
		15FB1E101BF10E5B0030DD94 /* Release */ = {
			isa = XCBuildConfiguration;
			buildSettings = {
				ALWAYS_SEARCH_USER_PATHS = NO;
				CLANG_CXX_LANGUAGE_STANDARD = "gnu++0x";
				CLANG_CXX_LIBRARY = "libc++";
				CLANG_ENABLE_MODULES = YES;
				CLANG_ENABLE_OBJC_ARC = YES;
				CLANG_WARN_BOOL_CONVERSION = YES;
				CLANG_WARN_CONSTANT_CONVERSION = YES;
				CLANG_WARN_DIRECT_OBJC_ISA_USAGE = YES_ERROR;
				CLANG_WARN_EMPTY_BODY = YES;
				CLANG_WARN_ENUM_CONVERSION = YES;
				CLANG_WARN_INT_CONVERSION = YES;
				CLANG_WARN_OBJC_ROOT_CLASS = YES_ERROR;
				CLANG_WARN_UNREACHABLE_CODE = YES;
				CLANG_WARN__DUPLICATE_METHOD_MATCH = YES;
				"CODE_SIGN_IDENTITY[sdk=iphoneos*]" = "iPhone Developer";
				COPY_PHASE_STRIP = NO;
				DEBUG_INFORMATION_FORMAT = "dwarf-with-dsym";
				ENABLE_NS_ASSERTIONS = NO;
				ENABLE_STRICT_OBJC_MSGSEND = YES;
				GCC_C_LANGUAGE_STANDARD = gnu99;
				GCC_NO_COMMON_BLOCKS = YES;
				GCC_WARN_64_TO_32_BIT_CONVERSION = YES;
				GCC_WARN_ABOUT_RETURN_TYPE = YES_ERROR;
				GCC_WARN_UNDECLARED_SELECTOR = YES;
				GCC_WARN_UNINITIALIZED_AUTOS = YES_AGGRESSIVE;
				GCC_WARN_UNUSED_FUNCTION = YES;
				GCC_WARN_UNUSED_VARIABLE = YES;
				IPHONEOS_DEPLOYMENT_TARGET = 9.0;
				MTL_ENABLE_DEBUG_INFO = NO;
				SDKROOT = iphoneos;
				VALIDATE_PRODUCT = YES;
			};
			name = Release;
		};
		15FB1E121BF10E5B0030DD94 /* Debug */ = {
			isa = XCBuildConfiguration;
			buildSettings = {
				ARCHS = "$(ARCHS_STANDARD)";
				ASSETCATALOG_COMPILER_APPICON_NAME = AppIcon;
				CODE_SIGN_IDENTITY = "iPhone Developer";
				"CODE_SIGN_IDENTITY[sdk=iphoneos*]" = "iPhone Developer";
				INFOPLIST_FILE = "Community Gaming Controller/Info.plist";
				IPHONEOS_DEPLOYMENT_TARGET = 8.0;
				LD_RUNPATH_SEARCH_PATHS = "$(inherited) @executable_path/Frameworks";
				PRODUCT_BUNDLE_IDENTIFIER = "com.ilabs.Community-Gaming-Controller";
				PRODUCT_NAME = "$(TARGET_NAME)";
				PROVISIONING_PROFILE = "";
				VALID_ARCHS = "armv7 armv7s arm64";
			};
			name = Debug;
		};
		15FB1E131BF10E5B0030DD94 /* Release */ = {
			isa = XCBuildConfiguration;
			buildSettings = {
				ARCHS = "$(ARCHS_STANDARD)";
				ASSETCATALOG_COMPILER_APPICON_NAME = AppIcon;
				CODE_SIGN_IDENTITY = "iPhone Developer";
				"CODE_SIGN_IDENTITY[sdk=iphoneos*]" = "iPhone Developer";
				INFOPLIST_FILE = "Community Gaming Controller/Info.plist";
				IPHONEOS_DEPLOYMENT_TARGET = 8.0;
				LD_RUNPATH_SEARCH_PATHS = "$(inherited) @executable_path/Frameworks";
				PRODUCT_BUNDLE_IDENTIFIER = "com.ilabs.Community-Gaming-Controller";
				PRODUCT_NAME = "$(TARGET_NAME)";
				PROVISIONING_PROFILE = "";
				VALID_ARCHS = "armv7 armv7s arm64";
			};
			name = Release;
		};
/* End XCBuildConfiguration section */

/* Begin XCConfigurationList section */
		15FB1DF51BF10E5B0030DD94 /* Build configuration list for PBXProject "Community Gaming Controller" */ = {
			isa = XCConfigurationList;
			buildConfigurations = (
				15FB1E0F1BF10E5B0030DD94 /* Debug */,
				15FB1E101BF10E5B0030DD94 /* Release */,
			);
			defaultConfigurationIsVisible = 0;
			defaultConfigurationName = Release;
		};
		15FB1E111BF10E5B0030DD94 /* Build configuration list for PBXNativeTarget "Community Gaming Controller" */ = {
			isa = XCConfigurationList;
			buildConfigurations = (
				15FB1E121BF10E5B0030DD94 /* Debug */,
				15FB1E131BF10E5B0030DD94 /* Release */,
			);
			defaultConfigurationIsVisible = 0;
			defaultConfigurationName = Release;
		};
/* End XCConfigurationList section */
	};
	rootObject = 15FB1DF21BF10E5B0030DD94 /* Project object */;
}
